
Microsoft Visual Studio Solution File, Format Version 12.00
Project("{FAE04EC0-301F-11D3-BF4B-00C04F79EFBC}") = "Exercicio_Enum", "Exercicio_Enum\Exercicio_Enum.csproj", "{9982CC41-E751-47B6-A922-1F294B0361A8}"
EndProject
Global
	GlobalSection(SolutionConfigurationPlatforms) = preSolution
		Debug|Any CPU = Debug|Any CPU
		Release|Any CPU = Release|Any CPU
	EndGlobalSection
	GlobalSection(ProjectConfigurationPlatforms) = postSolution
		{9982CC41-E751-47B6-A922-1F294B0361A8}.Debug|Any CPU.ActiveCfg = Debug|Any CPU
		{9982CC41-E751-47B6-A922-1F294B0361A8}.Debug|Any CPU.Build.0 = Debug|Any CPU
		{9982CC41-E751-47B6-A922-1F294B0361A8}.Release|Any CPU.ActiveCfg = Release|Any CPU
		{9982CC41-E751-47B6-A922-1F294B0361A8}.Release|Any CPU.Build.0 = Release|Any CPU
	EndGlobalSection
EndGlobal
